
Microsoft Visual Studio Solution File, Format Version 12.00
# Visual Studio Version 17
VisualStudioVersion = 17.0.31919.166
MinimumVisualStudioVersion = 10.0.40219.1
Project("{FAE04EC0-301F-11D3-BF4B-00C04F79EFBC}") = "ConditionalStatements", "ConditionalStatements.csproj", "{8904334D-F764-49F2-B424-12686EA4C158}"
EndProject
Global
	GlobalSection(SolutionConfigurationPlatforms) = preSolution
		Debug|Any CPU = Debug|Any CPU
		Release|Any CPU = Release|Any CPU
	EndGlobalSection
	GlobalSection(ProjectConfigurationPlatforms) = postSolution
		{8904334D-F764-49F2-B424-12686EA4C158}.Debug|Any CPU.ActiveCfg = Debug|Any CPU
		{8904334D-F764-49F2-B424-12686EA4C158}.Debug|Any CPU.Build.0 = Debug|Any CPU
		{8904334D-F764-49F2-B424-12686EA4C158}.Release|Any CPU.ActiveCfg = Release|Any CPU
		{8904334D-F764-49F2-B424-12686EA4C158}.Release|Any CPU.Build.0 = Release|Any CPU
	EndGlobalSection
	GlobalSection(SolutionProperties) = preSolution
		HideSolutionNode = FALSE
	EndGlobalSection
	GlobalSection(ExtensibilityGlobals) = postSolution
		SolutionGuid = {BB457FCA-708F-4325-8906-9D820CA7B215}
	EndGlobalSection
EndGlobal
