
Microsoft Visual Studio Solution File, Format Version 12.00
# Visual Studio Version 17
VisualStudioVersion = 17.0.32112.339
MinimumVisualStudioVersion = 10.0.40219.1
Project("{FAE04EC0-301F-11D3-BF4B-00C04F79EFBC}") = "AIE_xx_SaveContactList", "AIE_xx_SaveContactList\AIE_xx_SaveContactList.csproj", "{D2EFDBDE-3C3D-4291-84D2-4D988103A373}"
EndProject
Global
	GlobalSection(SolutionConfigurationPlatforms) = preSolution
		Debug|Any CPU = Debug|Any CPU
		Release|Any CPU = Release|Any CPU
	EndGlobalSection
	GlobalSection(ProjectConfigurationPlatforms) = postSolution
		{D2EFDBDE-3C3D-4291-84D2-4D988103A373}.Debug|Any CPU.ActiveCfg = Debug|Any CPU
		{D2EFDBDE-3C3D-4291-84D2-4D988103A373}.Debug|Any CPU.Build.0 = Debug|Any CPU
		{D2EFDBDE-3C3D-4291-84D2-4D988103A373}.Release|Any CPU.ActiveCfg = Release|Any CPU
		{D2EFDBDE-3C3D-4291-84D2-4D988103A373}.Release|Any CPU.Build.0 = Release|Any CPU
	EndGlobalSection
	GlobalSection(SolutionProperties) = preSolution
		HideSolutionNode = FALSE
	EndGlobalSection
	GlobalSection(ExtensibilityGlobals) = postSolution
		SolutionGuid = {F4FB4021-870B-4797-8166-ABB7C3100BE3}
	EndGlobalSection
EndGlobal
